
Microsoft Visual Studio Solution File, Format Version 12.00
# Visual Studio Version 17
VisualStudioVersion = 17.14.36717.8 d17.14
MinimumVisualStudioVersion = 10.0.40219.1
Project("{8BC9CEB8-8B4A-11D0-8D11-00A0C91BC942}") = "LAB404", "LAB404.vcxproj", "{1BCB1D4E-2D9B-457F-8B83-D4545293D5D2}"
EndProject
Project("{8BC9CEB8-8B4A-11D0-8D11-00A0C91BC942}") = "LAB405", "..\LAB405\LAB405.vcxproj", "{33C5FAA9-E060-4867-AC11-4B94845F568A}"
EndProject
Project("{8BC9CEB8-8B4A-11D0-8D11-00A0C91BC942}") = "LAB406", "..\LAB406\LAB406.vcxproj", "{10BF6809-DD48-4863-8737-1830D88C7C5D}"
EndProject
Project("{8BC9CEB8-8B4A-11D0-8D11-00A0C91BC942}") = "LAB407", "..\LAB407\LAB407.vcxproj", "{E1D3EB33-1DA2-4BFE-806E-024EFC4ABECB}"
EndProject
Global
	GlobalSection(SolutionConfigurationPlatforms) = preSolution
		Debug|x64 = Debug|x64
		Debug|x86 = Debug|x86
		Release|x64 = Release|x64
		Release|x86 = Release|x86
	EndGlobalSection
	GlobalSection(ProjectConfigurationPlatforms) = postSolution
		{1BCB1D4E-2D9B-457F-8B83-D4545293D5D2}.Debug|x64.ActiveCfg = Debug|x64
		{1BCB1D4E-2D9B-457F-8B83-D4545293D5D2}.Debug|x64.Build.0 = Debug|x64
		{1BCB1D4E-2D9B-457F-8B83-D4545293D5D2}.Debug|x86.ActiveCfg = Debug|Win32
		{1BCB1D4E-2D9B-457F-8B83-D4545293D5D2}.Debug|x86.Build.0 = Debug|Win32
		{1BCB1D4E-2D9B-457F-8B83-D4545293D5D2}.Release|x64.ActiveCfg = Release|x64
		{1BCB1D4E-2D9B-457F-8B83-D4545293D5D2}.Release|x64.Build.0 = Release|x64
		{1BCB1D4E-2D9B-457F-8B83-D4545293D5D2}.Release|x86.ActiveCfg = Release|Win32
		{1BCB1D4E-2D9B-457F-8B83-D4545293D5D2}.Release|x86.Build.0 = Release|Win32
		{33C5FAA9-E060-4867-AC11-4B94845F568A}.Debug|x64.ActiveCfg = Debug|x64
		{33C5FAA9-E060-4867-AC11-4B94845F568A}.Debug|x64.Build.0 = Debug|x64
		{33C5FAA9-E060-4867-AC11-4B94845F568A}.Debug|x86.ActiveCfg = Debug|Win32
		{33C5FAA9-E060-4867-AC11-4B94845F568A}.Debug|x86.Build.0 = Debug|Win32
		{33C5FAA9-E060-4867-AC11-4B94845F568A}.Release|x64.ActiveCfg = Release|x64
		{33C5FAA9-E060-4867-AC11-4B94845F568A}.Release|x64.Build.0 = Release|x64
		{33C5FAA9-E060-4867-AC11-4B94845F568A}.Release|x86.ActiveCfg = Release|Win32
		{33C5FAA9-E060-4867-AC11-4B94845F568A}.Release|x86.Build.0 = Release|Win32
		{10BF6809-DD48-4863-8737-1830D88C7C5D}.Debug|x64.ActiveCfg = Debug|x64
		{10BF6809-DD48-4863-8737-1830D88C7C5D}.Debug|x64.Build.0 = Debug|x64
		{10BF6809-DD48-4863-8737-1830D88C7C5D}.Debug|x86.ActiveCfg = Debug|Win32
		{10BF6809-DD48-4863-8737-1830D88C7C5D}.Debug|x86.Build.0 = Debug|Win32
		{10BF6809-DD48-4863-8737-1830D88C7C5D}.Release|x64.ActiveCfg = Release|x64
		{10BF6809-DD48-4863-8737-1830D88C7C5D}.Release|x64.Build.0 = Release|x64
		{10BF6809-DD48-4863-8737-1830D88C7C5D}.Release|x86.ActiveCfg = Release|Win32
		{10BF6809-DD48-4863-8737-1830D88C7C5D}.Release|x86.Build.0 = Release|Win32
		{E1D3EB33-1DA2-4BFE-806E-024EFC4ABECB}.Debug|x64.ActiveCfg = Debug|x64
		{E1D3EB33-1DA2-4BFE-806E-024EFC4ABECB}.Debug|x64.Build.0 = Debug|x64
		{E1D3EB33-1DA2-4BFE-806E-024EFC4ABECB}.Debug|x86.ActiveCfg = Debug|Win32
		{E1D3EB33-1DA2-4BFE-806E-024EFC4ABECB}.Debug|x86.Build.0 = Debug|Win32
		{E1D3EB33-1DA2-4BFE-806E-024EFC4ABECB}.Release|x64.ActiveCfg = Release|x64
		{E1D3EB33-1DA2-4BFE-806E-024EFC4ABECB}.Release|x64.Build.0 = Release|x64
		{E1D3EB33-1DA2-4BFE-806E-024EFC4ABECB}.Release|x86.ActiveCfg = Release|Win32
		{E1D3EB33-1DA2-4BFE-806E-024EFC4ABECB}.Release|x86.Build.0 = Release|Win32
	EndGlobalSection
	GlobalSection(SolutionProperties) = preSolution
		HideSolutionNode = FALSE
	EndGlobalSection
	GlobalSection(ExtensibilityGlobals) = postSolution
		SolutionGuid = {C06A6546-D8E4-4598-AC1B-8926DC741F72}
	EndGlobalSection
EndGlobal
