
Microsoft Visual Studio Solution File, Format Version 12.00
# Visual Studio Version 17
VisualStudioVersion = 17.10.34928.147
MinimumVisualStudioVersion = 10.0.40219.1
Project("{8BC9CEB8-8B4A-11D0-8D11-00A0C91BC942}") = "LAB501", "LAB501.vcxproj", "{9CAFBBD0-9100-42DC-A0A9-1031A7DAC805}"
EndProject
Project("{8BC9CEB8-8B4A-11D0-8D11-00A0C91BC942}") = "LAB502", "..\LAB502\LAB502.vcxproj", "{5D08186F-D3A7-44BA-8873-7CBCE4D2F59A}"
EndProject
Project("{8BC9CEB8-8B4A-11D0-8D11-00A0C91BC942}") = "LAB503", "..\LAB503\LAB503.vcxproj", "{04CBDA97-910E-49B7-AD3C-8B34A6700303}"
EndProject
Global
	GlobalSection(SolutionConfigurationPlatforms) = preSolution
		Debug|x64 = Debug|x64
		Debug|x86 = Debug|x86
		Release|x64 = Release|x64
		Release|x86 = Release|x86
	EndGlobalSection
	GlobalSection(ProjectConfigurationPlatforms) = postSolution
		{9CAFBBD0-9100-42DC-A0A9-1031A7DAC805}.Debug|x64.ActiveCfg = Debug|x64
		{9CAFBBD0-9100-42DC-A0A9-1031A7DAC805}.Debug|x64.Build.0 = Debug|x64
		{9CAFBBD0-9100-42DC-A0A9-1031A7DAC805}.Debug|x86.ActiveCfg = Debug|Win32
		{9CAFBBD0-9100-42DC-A0A9-1031A7DAC805}.Debug|x86.Build.0 = Debug|Win32
		{9CAFBBD0-9100-42DC-A0A9-1031A7DAC805}.Release|x64.ActiveCfg = Release|x64
		{9CAFBBD0-9100-42DC-A0A9-1031A7DAC805}.Release|x64.Build.0 = Release|x64
		{9CAFBBD0-9100-42DC-A0A9-1031A7DAC805}.Release|x86.ActiveCfg = Release|Win32
		{9CAFBBD0-9100-42DC-A0A9-1031A7DAC805}.Release|x86.Build.0 = Release|Win32
		{5D08186F-D3A7-44BA-8873-7CBCE4D2F59A}.Debug|x64.ActiveCfg = Debug|x64
		{5D08186F-D3A7-44BA-8873-7CBCE4D2F59A}.Debug|x64.Build.0 = Debug|x64
		{5D08186F-D3A7-44BA-8873-7CBCE4D2F59A}.Debug|x86.ActiveCfg = Debug|Win32
		{5D08186F-D3A7-44BA-8873-7CBCE4D2F59A}.Debug|x86.Build.0 = Debug|Win32
		{5D08186F-D3A7-44BA-8873-7CBCE4D2F59A}.Release|x64.ActiveCfg = Release|x64
		{5D08186F-D3A7-44BA-8873-7CBCE4D2F59A}.Release|x64.Build.0 = Release|x64
		{5D08186F-D3A7-44BA-8873-7CBCE4D2F59A}.Release|x86.ActiveCfg = Release|Win32
		{5D08186F-D3A7-44BA-8873-7CBCE4D2F59A}.Release|x86.Build.0 = Release|Win32
		{04CBDA97-910E-49B7-AD3C-8B34A6700303}.Debug|x64.ActiveCfg = Debug|x64
		{04CBDA97-910E-49B7-AD3C-8B34A6700303}.Debug|x64.Build.0 = Debug|x64
		{04CBDA97-910E-49B7-AD3C-8B34A6700303}.Debug|x86.ActiveCfg = Debug|Win32
		{04CBDA97-910E-49B7-AD3C-8B34A6700303}.Debug|x86.Build.0 = Debug|Win32
		{04CBDA97-910E-49B7-AD3C-8B34A6700303}.Release|x64.ActiveCfg = Release|x64
		{04CBDA97-910E-49B7-AD3C-8B34A6700303}.Release|x64.Build.0 = Release|x64
		{04CBDA97-910E-49B7-AD3C-8B34A6700303}.Release|x86.ActiveCfg = Release|Win32
		{04CBDA97-910E-49B7-AD3C-8B34A6700303}.Release|x86.Build.0 = Release|Win32
	EndGlobalSection
	GlobalSection(SolutionProperties) = preSolution
		HideSolutionNode = FALSE
	EndGlobalSection
	GlobalSection(ExtensibilityGlobals) = postSolution
		SolutionGuid = {D3FDCB36-0B69-46B2-B721-B424E50724E3}
	EndGlobalSection
EndGlobal
